
Microsoft Visual Studio Solution File, Format Version 12.00
# Visual Studio Version 17
VisualStudioVersion = 17.13.35806.99 d17.13
MinimumVisualStudioVersion = 10.0.40219.1
Project("{FAE04EC0-301F-11D3-BF4B-00C04F79EFBC}") = "Hospisim.Api", "Hospisim.Api\Hospisim.Api.csproj", "{7ADFECED-E15D-4560-B316-08378F2A0EE4}"
EndProject
Global
	GlobalSection(SolutionConfigurationPlatforms) = preSolution
		Debug|Any CPU = Debug|Any CPU
		Release|Any CPU = Release|Any CPU
	EndGlobalSection
	GlobalSection(ProjectConfigurationPlatforms) = postSolution
		{7ADFECED-E15D-4560-B316-08378F2A0EE4}.Debug|Any CPU.ActiveCfg = Debug|Any CPU
		{7ADFECED-E15D-4560-B316-08378F2A0EE4}.Debug|Any CPU.Build.0 = Debug|Any CPU
		{7ADFECED-E15D-4560-B316-08378F2A0EE4}.Release|Any CPU.ActiveCfg = Release|Any CPU
		{7ADFECED-E15D-4560-B316-08378F2A0EE4}.Release|Any CPU.Build.0 = Release|Any CPU
	EndGlobalSection
	GlobalSection(SolutionProperties) = preSolution
		HideSolutionNode = FALSE
	EndGlobalSection
	GlobalSection(ExtensibilityGlobals) = postSolution
		SolutionGuid = {11150DE2-780E-46FA-81A1-DE27A6487A0C}
	EndGlobalSection
EndGlobal
